
Microsoft Visual Studio Solution File, Format Version 12.00
# Visual Studio Version 16
VisualStudioVersion = 16.0.34301.259
MinimumVisualStudioVersion = 10.0.40219.1
Project("{FAE04EC0-301F-11D3-BF4B-00C04F79EFBC}") = "11.3", "11.3\11.3.csproj", "{9FE9B3C2-8AFE-4274-BB3A-D63830EA5554}"
EndProject
Project("{FAE04EC0-301F-11D3-BF4B-00C04F79EFBC}") = "UnitTestProject1", "UnitTestProject1\UnitTestProject1.csproj", "{7FCAE9F3-0F48-4995-8138-F3C53603CFD6}"
EndProject
Global
	GlobalSection(SolutionConfigurationPlatforms) = preSolution
		Debug|Any CPU = Debug|Any CPU
		Release|Any CPU = Release|Any CPU
	EndGlobalSection
	GlobalSection(ProjectConfigurationPlatforms) = postSolution
		{9FE9B3C2-8AFE-4274-BB3A-D63830EA5554}.Debug|Any CPU.ActiveCfg = Debug|Any CPU
		{9FE9B3C2-8AFE-4274-BB3A-D63830EA5554}.Debug|Any CPU.Build.0 = Debug|Any CPU
		{9FE9B3C2-8AFE-4274-BB3A-D63830EA5554}.Release|Any CPU.ActiveCfg = Release|Any CPU
		{9FE9B3C2-8AFE-4274-BB3A-D63830EA5554}.Release|Any CPU.Build.0 = Release|Any CPU
		{7FCAE9F3-0F48-4995-8138-F3C53603CFD6}.Debug|Any CPU.ActiveCfg = Debug|Any CPU
		{7FCAE9F3-0F48-4995-8138-F3C53603CFD6}.Debug|Any CPU.Build.0 = Debug|Any CPU
		{7FCAE9F3-0F48-4995-8138-F3C53603CFD6}.Release|Any CPU.ActiveCfg = Release|Any CPU
		{7FCAE9F3-0F48-4995-8138-F3C53603CFD6}.Release|Any CPU.Build.0 = Release|Any CPU
	EndGlobalSection
	GlobalSection(SolutionProperties) = preSolution
		HideSolutionNode = FALSE
	EndGlobalSection
	GlobalSection(ExtensibilityGlobals) = postSolution
		SolutionGuid = {F02DC4FA-B45F-4091-AB80-BB713CD9A9BD}
	EndGlobalSection
EndGlobal
